
Microsoft Visual Studio Solution File, Format Version 12.00
# Visual Studio Version 17
VisualStudioVersion = 17.7.34009.444
MinimumVisualStudioVersion = 10.0.40219.1
Project("{FAE04EC0-301F-11D3-BF4B-00C04F79EFBC}") = "YogurtTown_v2", "YogurtTown_v2\YogurtTown_v2.csproj", "{E0B57919-E918-4998-8C70-8D09417D9EAD}"
EndProject
Global
	GlobalSection(SolutionConfigurationPlatforms) = preSolution
		Debug|Any CPU = Debug|Any CPU
		Release|Any CPU = Release|Any CPU
	EndGlobalSection
	GlobalSection(ProjectConfigurationPlatforms) = postSolution
		{E0B57919-E918-4998-8C70-8D09417D9EAD}.Debug|Any CPU.ActiveCfg = Debug|Any CPU
		{E0B57919-E918-4998-8C70-8D09417D9EAD}.Debug|Any CPU.Build.0 = Debug|Any CPU
		{E0B57919-E918-4998-8C70-8D09417D9EAD}.Release|Any CPU.ActiveCfg = Release|Any CPU
		{E0B57919-E918-4998-8C70-8D09417D9EAD}.Release|Any CPU.Build.0 = Release|Any CPU
	EndGlobalSection
	GlobalSection(SolutionProperties) = preSolution
		HideSolutionNode = FALSE
	EndGlobalSection
	GlobalSection(ExtensibilityGlobals) = postSolution
		SolutionGuid = {D21577D8-6FD2-459A-80C6-3BC1AF32A1F4}
	EndGlobalSection
EndGlobal
